
Microsoft Visual Studio Solution File, Format Version 12.00
# Visual Studio Version 17
VisualStudioVersion = 17.7.34009.444
MinimumVisualStudioVersion = 10.0.40219.1
Project("{FAE04EC0-301F-11D3-BF4B-00C04F79EFBC}") = "Models", "Models\Models.csproj", "{65E0408F-87C7-4CE9-AD40-1F9F54571332}"
EndProject
Project("{FAE04EC0-301F-11D3-BF4B-00C04F79EFBC}") = "Services", "Services\Services.csproj", "{5DA2D289-C74D-4FD4-A7C6-5926380F2FC5}"
EndProject
Project("{FAE04EC0-301F-11D3-BF4B-00C04F79EFBC}") = "RazorPages", "RazorPages\RazorPages.csproj", "{0210E992-6939-4A5F-AC7B-6C0140AD6BD1}"
EndProject
Project("{2150E333-8FDC-42A3-9474-1A3956D46DE8}") = "Solution Items", "Solution Items", "{F7DF4986-E10D-4693-9A5F-A355D76F022D}"
	ProjectSection(SolutionItems) = preProject
		database.sql = database.sql
	EndProjectSection
EndProject
Global
	GlobalSection(SolutionConfigurationPlatforms) = preSolution
		Debug|Any CPU = Debug|Any CPU
		Release|Any CPU = Release|Any CPU
	EndGlobalSection
	GlobalSection(ProjectConfigurationPlatforms) = postSolution
		{65E0408F-87C7-4CE9-AD40-1F9F54571332}.Debug|Any CPU.ActiveCfg = Debug|Any CPU
		{65E0408F-87C7-4CE9-AD40-1F9F54571332}.Debug|Any CPU.Build.0 = Debug|Any CPU
		{65E0408F-87C7-4CE9-AD40-1F9F54571332}.Release|Any CPU.ActiveCfg = Release|Any CPU
		{65E0408F-87C7-4CE9-AD40-1F9F54571332}.Release|Any CPU.Build.0 = Release|Any CPU
		{5DA2D289-C74D-4FD4-A7C6-5926380F2FC5}.Debug|Any CPU.ActiveCfg = Debug|Any CPU
		{5DA2D289-C74D-4FD4-A7C6-5926380F2FC5}.Debug|Any CPU.Build.0 = Debug|Any CPU
		{5DA2D289-C74D-4FD4-A7C6-5926380F2FC5}.Release|Any CPU.ActiveCfg = Release|Any CPU
		{5DA2D289-C74D-4FD4-A7C6-5926380F2FC5}.Release|Any CPU.Build.0 = Release|Any CPU
		{0210E992-6939-4A5F-AC7B-6C0140AD6BD1}.Debug|Any CPU.ActiveCfg = Debug|Any CPU
		{0210E992-6939-4A5F-AC7B-6C0140AD6BD1}.Debug|Any CPU.Build.0 = Debug|Any CPU
		{0210E992-6939-4A5F-AC7B-6C0140AD6BD1}.Release|Any CPU.ActiveCfg = Release|Any CPU
		{0210E992-6939-4A5F-AC7B-6C0140AD6BD1}.Release|Any CPU.Build.0 = Release|Any CPU
	EndGlobalSection
	GlobalSection(SolutionProperties) = preSolution
		HideSolutionNode = FALSE
	EndGlobalSection
	GlobalSection(ExtensibilityGlobals) = postSolution
		SolutionGuid = {7AF9150E-EB18-4A05-9256-1064B721EA28}
	EndGlobalSection
EndGlobal
